// !$*UTF8*$!
{
	archiveVersion = 1;
	classes = {
	};
	objectVersion = 51;
	objects = {

/* Begin PBXBuildFile section */
		3763E9F2B8FCF7F9BFB67551 /* Pods_ContinuousAlarm.framework in Frameworks */ = {isa = PBXBuildFile; fileRef = AB63DDF3A2827C3E0CB91EE2 /* Pods_ContinuousAlarm.framework */; };
		D81A1B6628D58E3B005E2BFA /* VFContinuousAlarmSettingsViewController.m in Sources */ = {isa = PBXBuildFile; fileRef = D81A1B6528D58E3B005E2BFA /* VFContinuousAlarmSettingsViewController.m */; };
		D81A1B6E28D5C88D005E2BFA /* VFCAToast.m in Sources */ = {isa = PBXBuildFile; fileRef = D81A1B6D28D5C88D005E2BFA /* VFCAToast.m */; };
		D81A1B7828D63673005E2BFA /* AlarmModel+CoreDataProperties.m in Sources */ = {isa = PBXBuildFile; fileRef = D81A1B7528D63673005E2BFA /* AlarmModel+CoreDataProperties.m */; };
		D81A1B7928D63673005E2BFA /* AlarmModel+CoreDataClass.m in Sources */ = {isa = PBXBuildFile; fileRef = D81A1B7728D63673005E2BFA /* AlarmModel+CoreDataClass.m */; };
		D81A1B8128D637A3005E2BFA /* VFCACoreDataManager.m in Sources */ = {isa = PBXBuildFile; fileRef = D81A1B8028D637A3005E2BFA /* VFCACoreDataManager.m */; };
		D81A1B8928D63B7D005E2BFA /* VFContinuousAlarmModelDAO.m in Sources */ = {isa = PBXBuildFile; fileRef = D81A1B8828D63B7D005E2BFA /* VFContinuousAlarmModelDAO.m */; };
		D81A1B8C28D63F31005E2BFA /* VFContinuousAlarmModel.xcdatamodeld in Resources */ = {isa = PBXBuildFile; fileRef = D81A1B7328D630D6005E2BFA /* VFContinuousAlarmModel.xcdatamodeld */; };
		D81A1B9128D8D23F005E2BFA /* VFContinuousAlarmConfig.m in Sources */ = {isa = PBXBuildFile; fileRef = D81A1B9028D8D23F005E2BFA /* VFContinuousAlarmConfig.m */; };
		D81A1B9628D8D5F8005E2BFA /* VFContinuousAlarmTableViewCell.m in Sources */ = {isa = PBXBuildFile; fileRef = D81A1B9528D8D5F8005E2BFA /* VFContinuousAlarmTableViewCell.m */; };
		D81A1B9B28D8D9B2005E2BFA /* VFCANotificationManager.m in Sources */ = {isa = PBXBuildFile; fileRef = D81A1B9A28D8D9B2005E2BFA /* VFCANotificationManager.m */; };
		D869CD6C28D4F2ED0006F7B8 /* AppDelegate.m in Sources */ = {isa = PBXBuildFile; fileRef = D869CD6B28D4F2ED0006F7B8 /* AppDelegate.m */; };
		D869CD6F28D4F2ED0006F7B8 /* SceneDelegate.m in Sources */ = {isa = PBXBuildFile; fileRef = D869CD6E28D4F2ED0006F7B8 /* SceneDelegate.m */; };
		D869CD7728D4F2EE0006F7B8 /* Assets.xcassets in Resources */ = {isa = PBXBuildFile; fileRef = D869CD7628D4F2EE0006F7B8 /* Assets.xcassets */; };
		D869CD7A28D4F2EE0006F7B8 /* LaunchScreen.storyboard in Resources */ = {isa = PBXBuildFile; fileRef = D869CD7828D4F2EE0006F7B8 /* LaunchScreen.storyboard */; };
		D869CD7D28D4F2EE0006F7B8 /* main.m in Sources */ = {isa = PBXBuildFile; fileRef = D869CD7C28D4F2EE0006F7B8 /* main.m */; };
		D869CD8928D4F38D0006F7B8 /* VFContinuousAlarmMainViewController.m in Sources */ = {isa = PBXBuildFile; fileRef = D869CD8828D4F38D0006F7B8 /* VFContinuousAlarmMainViewController.m */; };
/* End PBXBuildFile section */

/* Begin PBXFileReference section */
		AB63DDF3A2827C3E0CB91EE2 /* Pods_ContinuousAlarm.framework */ = {isa = PBXFileReference; explicitFileType = wrapper.framework; includeInIndex = 0; path = Pods_ContinuousAlarm.framework; sourceTree = BUILT_PRODUCTS_DIR; };
		D81A1B6428D58E3B005E2BFA /* VFContinuousAlarmSettingsViewController.h */ = {isa = PBXFileReference; lastKnownFileType = sourcecode.c.h; path = VFContinuousAlarmSettingsViewController.h; sourceTree = "<group>"; };
		D81A1B6528D58E3B005E2BFA /* VFContinuousAlarmSettingsViewController.m */ = {isa = PBXFileReference; lastKnownFileType = sourcecode.c.objc; path = VFContinuousAlarmSettingsViewController.m; sourceTree = "<group>"; };
		D81A1B6C28D5C88D005E2BFA /* VFCAToast.h */ = {isa = PBXFileReference; lastKnownFileType = sourcecode.c.h; path = VFCAToast.h; sourceTree = "<group>"; };
		D81A1B6D28D5C88D005E2BFA /* VFCAToast.m */ = {isa = PBXFileReference; lastKnownFileType = sourcecode.c.objc; path = VFCAToast.m; sourceTree = "<group>"; };
		D81A1B7228D630D6005E2BFA /* VFContinuousAlarmModel.xcdatamodel */ = {isa = PBXFileReference; lastKnownFileType = wrapper.xcdatamodel; path = VFContinuousAlarmModel.xcdatamodel; sourceTree = "<group>"; };
		D81A1B7428D63673005E2BFA /* AlarmModel+CoreDataClass.h */ = {isa = PBXFileReference; lastKnownFileType = sourcecode.c.h; name = "AlarmModel+CoreDataClass.h"; path = "/Users/vegetablefriend/Desktop/ContinuousAlarm/ContinuousAlarm/Alarm/AlarmModel+CoreDataClass.h"; sourceTree = "<absolute>"; };
		D81A1B7528D63673005E2BFA /* AlarmModel+CoreDataProperties.m */ = {isa = PBXFileReference; lastKnownFileType = sourcecode.c.objc; name = "AlarmModel+CoreDataProperties.m"; path = "/Users/vegetablefriend/Desktop/ContinuousAlarm/ContinuousAlarm/Alarm/AlarmModel+CoreDataProperties.m"; sourceTree = "<absolute>"; };
		D81A1B7628D63673005E2BFA /* AlarmModel+CoreDataProperties.h */ = {isa = PBXFileReference; lastKnownFileType = sourcecode.c.h; name = "AlarmModel+CoreDataProperties.h"; path = "/Users/vegetablefriend/Desktop/ContinuousAlarm/ContinuousAlarm/Alarm/AlarmModel+CoreDataProperties.h"; sourceTree = "<absolute>"; };
		D81A1B7728D63673005E2BFA /* AlarmModel+CoreDataClass.m */ = {isa = PBXFileReference; lastKnownFileType = sourcecode.c.objc; name = "AlarmModel+CoreDataClass.m"; path = "/Users/vegetablefriend/Desktop/ContinuousAlarm/ContinuousAlarm/Alarm/AlarmModel+CoreDataClass.m"; sourceTree = "<absolute>"; };
		D81A1B7F28D637A3005E2BFA /* VFCACoreDataManager.h */ = {isa = PBXFileReference; lastKnownFileType = sourcecode.c.h; path = VFCACoreDataManager.h; sourceTree = "<group>"; };
		D81A1B8028D637A3005E2BFA /* VFCACoreDataManager.m */ = {isa = PBXFileReference; lastKnownFileType = sourcecode.c.objc; path = VFCACoreDataManager.m; sourceTree = "<group>"; };
		D81A1B8728D63B7D005E2BFA /* VFContinuousAlarmModelDAO.h */ = {isa = PBXFileReference; lastKnownFileType = sourcecode.c.h; path = VFContinuousAlarmModelDAO.h; sourceTree = "<group>"; };
		D81A1B8828D63B7D005E2BFA /* VFContinuousAlarmModelDAO.m */ = {isa = PBXFileReference; lastKnownFileType = sourcecode.c.objc; path = VFContinuousAlarmModelDAO.m; sourceTree = "<group>"; };
		D81A1B8F28D8D23F005E2BFA /* VFContinuousAlarmConfig.h */ = {isa = PBXFileReference; lastKnownFileType = sourcecode.c.h; path = VFContinuousAlarmConfig.h; sourceTree = "<group>"; };
		D81A1B9028D8D23F005E2BFA /* VFContinuousAlarmConfig.m */ = {isa = PBXFileReference; lastKnownFileType = sourcecode.c.objc; path = VFContinuousAlarmConfig.m; sourceTree = "<group>"; };
		D81A1B9428D8D5F8005E2BFA /* VFContinuousAlarmTableViewCell.h */ = {isa = PBXFileReference; lastKnownFileType = sourcecode.c.h; path = VFContinuousAlarmTableViewCell.h; sourceTree = "<group>"; };
		D81A1B9528D8D5F8005E2BFA /* VFContinuousAlarmTableViewCell.m */ = {isa = PBXFileReference; lastKnownFileType = sourcecode.c.objc; path = VFContinuousAlarmTableViewCell.m; sourceTree = "<group>"; };
		D81A1B9928D8D9B2005E2BFA /* VFCANotificationManager.h */ = {isa = PBXFileReference; lastKnownFileType = sourcecode.c.h; path = VFCANotificationManager.h; sourceTree = "<group>"; };
		D81A1B9A28D8D9B2005E2BFA /* VFCANotificationManager.m */ = {isa = PBXFileReference; lastKnownFileType = sourcecode.c.objc; path = VFCANotificationManager.m; sourceTree = "<group>"; };
		D869CD6728D4F2ED0006F7B8 /* ContinuousAlarm.app */ = {isa = PBXFileReference; explicitFileType = wrapper.application; includeInIndex = 0; path = ContinuousAlarm.app; sourceTree = BUILT_PRODUCTS_DIR; };
		D869CD6A28D4F2ED0006F7B8 /* AppDelegate.h */ = {isa = PBXFileReference; lastKnownFileType = sourcecode.c.h; path = AppDelegate.h; sourceTree = "<group>"; };
		D869CD6B28D4F2ED0006F7B8 /* AppDelegate.m */ = {isa = PBXFileReference; lastKnownFileType = sourcecode.c.objc; path = AppDelegate.m; sourceTree = "<group>"; };
		D869CD6D28D4F2ED0006F7B8 /* SceneDelegate.h */ = {isa = PBXFileReference; lastKnownFileType = sourcecode.c.h; path = SceneDelegate.h; sourceTree = "<group>"; };
		D869CD6E28D4F2ED0006F7B8 /* SceneDelegate.m */ = {isa = PBXFileReference; lastKnownFileType = sourcecode.c.objc; path = SceneDelegate.m; sourceTree = "<group>"; };
		D869CD7628D4F2EE0006F7B8 /* Assets.xcassets */ = {isa = PBXFileReference; lastKnownFileType = folder.assetcatalog; path = Assets.xcassets; sourceTree = "<group>"; };
		D869CD7928D4F2EE0006F7B8 /* Base */ = {isa = PBXFileReference; lastKnownFileType = file.storyboard; name = Base; path = Base.lproj/LaunchScreen.storyboard; sourceTree = "<group>"; };
		D869CD7B28D4F2EE0006F7B8 /* Info.plist */ = {isa = PBXFileReference; lastKnownFileType = text.plist.xml; path = Info.plist; sourceTree = "<group>"; };
		D869CD7C28D4F2EE0006F7B8 /* main.m */ = {isa = PBXFileReference; lastKnownFileType = sourcecode.c.objc; path = main.m; sourceTree = "<group>"; };
		D869CD8728D4F38D0006F7B8 /* VFContinuousAlarmMainViewController.h */ = {isa = PBXFileReference; lastKnownFileType = sourcecode.c.h; path = VFContinuousAlarmMainViewController.h; sourceTree = "<group>"; };
		D869CD8828D4F38D0006F7B8 /* VFContinuousAlarmMainViewController.m */ = {isa = PBXFileReference; lastKnownFileType = sourcecode.c.objc; path = VFContinuousAlarmMainViewController.m; sourceTree = "<group>"; };
		ED445F4FBA7BC17350A97E36 /* Pods-ContinuousAlarm.release.xcconfig */ = {isa = PBXFileReference; includeInIndex = 1; lastKnownFileType = text.xcconfig; name = "Pods-ContinuousAlarm.release.xcconfig"; path = "Target Support Files/Pods-ContinuousAlarm/Pods-ContinuousAlarm.release.xcconfig"; sourceTree = "<group>"; };
		F6C4B4571D4BA9197B7C29F9 /* Pods-ContinuousAlarm.debug.xcconfig */ = {isa = PBXFileReference; includeInIndex = 1; lastKnownFileType = text.xcconfig; name = "Pods-ContinuousAlarm.debug.xcconfig"; path = "Target Support Files/Pods-ContinuousAlarm/Pods-ContinuousAlarm.debug.xcconfig"; sourceTree = "<group>"; };
/* End PBXFileReference section */

/* Begin PBXFrameworksBuildPhase section */
		D869CD6428D4F2ED0006F7B8 /* Frameworks */ = {
			isa = PBXFrameworksBuildPhase;
			buildActionMask = 2147483647;
			files = (
				3763E9F2B8FCF7F9BFB67551 /* Pods_ContinuousAlarm.framework in Frameworks */,
			);
			runOnlyForDeploymentPostprocessing = 0;
		};
/* End PBXFrameworksBuildPhase section */

/* Begin PBXGroup section */
		2A0E620A2CD94E857DAB826A /* Frameworks */ = {
			isa = PBXGroup;
			children = (
				AB63DDF3A2827C3E0CB91EE2 /* Pods_ContinuousAlarm.framework */,
			);
			name = Frameworks;
			sourceTree = "<group>";
		};
		987973085D45A31CF6407556 /* Pods */ = {
			isa = PBXGroup;
			children = (
				F6C4B4571D4BA9197B7C29F9 /* Pods-ContinuousAlarm.debug.xcconfig */,
				ED445F4FBA7BC17350A97E36 /* Pods-ContinuousAlarm.release.xcconfig */,
			);
			path = Pods;
			sourceTree = "<group>";
		};
		D81A1B6A28D5C4B7005E2BFA /* Components */ = {
			isa = PBXGroup;
			children = (
				D81A1B6C28D5C88D005E2BFA /* VFCAToast.h */,
				D81A1B6D28D5C88D005E2BFA /* VFCAToast.m */,
			);
			path = Components;
			sourceTree = "<group>";
		};
		D81A1B7E28D63783005E2BFA /* CoreData */ = {
			isa = PBXGroup;
			children = (
				D81A1B7F28D637A3005E2BFA /* VFCACoreDataManager.h */,
				D81A1B8028D637A3005E2BFA /* VFCACoreDataManager.m */,
			);
			path = CoreData;
			sourceTree = "<group>";
		};
		D81A1B8528D63B5C005E2BFA /* Model */ = {
			isa = PBXGroup;
			children = (
				D81A1B7628D63673005E2BFA /* AlarmModel+CoreDataProperties.h */,
				D81A1B7428D63673005E2BFA /* AlarmModel+CoreDataClass.h */,
				D81A1B7728D63673005E2BFA /* AlarmModel+CoreDataClass.m */,
				D81A1B7528D63673005E2BFA /* AlarmModel+CoreDataProperties.m */,
			);
			path = Model;
			sourceTree = "<group>";
		};
		D81A1B8628D63B66005E2BFA /* DAO */ = {
			isa = PBXGroup;
			children = (
				D81A1B8728D63B7D005E2BFA /* VFContinuousAlarmModelDAO.h */,
				D81A1B8828D63B7D005E2BFA /* VFContinuousAlarmModelDAO.m */,
			);
			path = DAO;
			sourceTree = "<group>";
		};
		D81A1B8E28D8D22F005E2BFA /* Config */ = {
			isa = PBXGroup;
			children = (
				D81A1B8F28D8D23F005E2BFA /* VFContinuousAlarmConfig.h */,
				D81A1B9028D8D23F005E2BFA /* VFContinuousAlarmConfig.m */,
			);
			path = Config;
			sourceTree = "<group>";
		};
		D81A1B9828D8D99F005E2BFA /* Notification */ = {
			isa = PBXGroup;
			children = (
				D81A1B9928D8D9B2005E2BFA /* VFCANotificationManager.h */,
				D81A1B9A28D8D9B2005E2BFA /* VFCANotificationManager.m */,
			);
			path = Notification;
			sourceTree = "<group>";
		};
		D869CD5E28D4F2ED0006F7B8 = {
			isa = PBXGroup;
			children = (
				D869CD6928D4F2ED0006F7B8 /* ContinuousAlarm */,
				D869CD6828D4F2ED0006F7B8 /* Products */,
				987973085D45A31CF6407556 /* Pods */,
				2A0E620A2CD94E857DAB826A /* Frameworks */,
			);
			sourceTree = "<group>";
		};
		D869CD6828D4F2ED0006F7B8 /* Products */ = {
			isa = PBXGroup;
			children = (
				D869CD6728D4F2ED0006F7B8 /* ContinuousAlarm.app */,
			);
			name = Products;
			sourceTree = "<group>";
		};
		D869CD6928D4F2ED0006F7B8 /* ContinuousAlarm */ = {
			isa = PBXGroup;
			children = (
				D81A1B9828D8D99F005E2BFA /* Notification */,
				D81A1B8E28D8D22F005E2BFA /* Config */,
				D81A1B7328D630D6005E2BFA /* VFContinuousAlarmModel.xcdatamodeld */,
				D81A1B7E28D63783005E2BFA /* CoreData */,
				D81A1B6A28D5C4B7005E2BFA /* Components */,
				D869CD8628D4F36C0006F7B8 /* Alarm */,
				D869CD6A28D4F2ED0006F7B8 /* AppDelegate.h */,
				D869CD6B28D4F2ED0006F7B8 /* AppDelegate.m */,
				D869CD6D28D4F2ED0006F7B8 /* SceneDelegate.h */,
				D869CD6E28D4F2ED0006F7B8 /* SceneDelegate.m */,
				D869CD7628D4F2EE0006F7B8 /* Assets.xcassets */,
				D869CD7828D4F2EE0006F7B8 /* LaunchScreen.storyboard */,
				D869CD7B28D4F2EE0006F7B8 /* Info.plist */,
				D869CD7C28D4F2EE0006F7B8 /* main.m */,
			);
			path = ContinuousAlarm;
			sourceTree = "<group>";
		};
		D869CD8628D4F36C0006F7B8 /* Alarm */ = {
			isa = PBXGroup;
			children = (
				D81A1B8628D63B66005E2BFA /* DAO */,
				D81A1B8528D63B5C005E2BFA /* Model */,
				D869CD8728D4F38D0006F7B8 /* VFContinuousAlarmMainViewController.h */,
				D869CD8828D4F38D0006F7B8 /* VFContinuousAlarmMainViewController.m */,
				D81A1B6428D58E3B005E2BFA /* VFContinuousAlarmSettingsViewController.h */,
				D81A1B6528D58E3B005E2BFA /* VFContinuousAlarmSettingsViewController.m */,
				D81A1B9428D8D5F8005E2BFA /* VFContinuousAlarmTableViewCell.h */,
				D81A1B9528D8D5F8005E2BFA /* VFContinuousAlarmTableViewCell.m */,
			);
			path = Alarm;
			sourceTree = "<group>";
		};
/* End PBXGroup section */

/* Begin PBXNativeTarget section */
		D869CD6628D4F2ED0006F7B8 /* ContinuousAlarm */ = {
			isa = PBXNativeTarget;
			buildConfigurationList = D869CD8028D4F2EE0006F7B8 /* Build configuration list for PBXNativeTarget "ContinuousAlarm" */;
			buildPhases = (
				2CFE2D2501A90CBDC79768CB /* [CP] Check Pods Manifest.lock */,
				D869CD6328D4F2ED0006F7B8 /* Sources */,
				D869CD6428D4F2ED0006F7B8 /* Frameworks */,
				D869CD6528D4F2ED0006F7B8 /* Resources */,
				9E0448CCF3D4D6D55ED59BDD /* [CP] Embed Pods Frameworks */,
			);
			buildRules = (
			);
			dependencies = (
			);
			name = ContinuousAlarm;
			productName = ContinuousAlarm;
			productReference = D869CD6728D4F2ED0006F7B8 /* ContinuousAlarm.app */;
			productType = "com.apple.product-type.application";
		};
/* End PBXNativeTarget section */

/* Begin PBXProject section */
		D869CD5F28D4F2ED0006F7B8 /* Project object */ = {
			isa = PBXProject;
			attributes = {
				LastUpgradeCheck = 1240;
				TargetAttributes = {
					D869CD6628D4F2ED0006F7B8 = {
						CreatedOnToolsVersion = 12.4;
					};
				};
			};
			buildConfigurationList = D869CD6228D4F2ED0006F7B8 /* Build configuration list for PBXProject "ContinuousAlarm" */;
			compatibilityVersion = "Xcode 9.3";
			developmentRegion = en;
			hasScannedForEncodings = 0;
			knownRegions = (
				en,
				Base,
			);
			mainGroup = D869CD5E28D4F2ED0006F7B8;
			productRefGroup = D869CD6828D4F2ED0006F7B8 /* Products */;
			projectDirPath = "";
			projectRoot = "";
			targets = (
				D869CD6628D4F2ED0006F7B8 /* ContinuousAlarm */,
			);
		};
/* End PBXProject section */

/* Begin PBXResourcesBuildPhase section */
		D869CD6528D4F2ED0006F7B8 /* Resources */ = {
			isa = PBXResourcesBuildPhase;
			buildActionMask = 2147483647;
			files = (
				D81A1B8C28D63F31005E2BFA /* VFContinuousAlarmModel.xcdatamodeld in Resources */,
				D869CD7A28D4F2EE0006F7B8 /* LaunchScreen.storyboard in Resources */,
				D869CD7728D4F2EE0006F7B8 /* Assets.xcassets in Resources */,
			);
			runOnlyForDeploymentPostprocessing = 0;
		};
/* End PBXResourcesBuildPhase section */

/* Begin PBXShellScriptBuildPhase section */
		2CFE2D2501A90CBDC79768CB /* [CP] Check Pods Manifest.lock */ = {
			isa = PBXShellScriptBuildPhase;
			buildActionMask = 2147483647;
			files = (
			);
			inputFileListPaths = (
			);
			inputPaths = (
				"${PODS_PODFILE_DIR_PATH}/Podfile.lock",
				"${PODS_ROOT}/Manifest.lock",
			);
			name = "[CP] Check Pods Manifest.lock";
			outputFileListPaths = (
			);
			outputPaths = (
				"$(DERIVED_FILE_DIR)/Pods-ContinuousAlarm-checkManifestLockResult.txt",
			);
			runOnlyForDeploymentPostprocessing = 0;
			shellPath = /bin/sh;
			shellScript = "diff \"${PODS_PODFILE_DIR_PATH}/Podfile.lock\" \"${PODS_ROOT}/Manifest.lock\" > /dev/null\nif [ $? != 0 ] ; then\n    # print error to STDERR\n    echo \"error: The sandbox is not in sync with the Podfile.lock. Run 'pod install' or update your CocoaPods installation.\" >&2\n    exit 1\nfi\n# This output is used by Xcode 'outputs' to avoid re-running this script phase.\necho \"SUCCESS\" > \"${SCRIPT_OUTPUT_FILE_0}\"\n";
			showEnvVarsInLog = 0;
		};
		9E0448CCF3D4D6D55ED59BDD /* [CP] Embed Pods Frameworks */ = {
			isa = PBXShellScriptBuildPhase;
			buildActionMask = 2147483647;
			files = (
			);
			inputFileListPaths = (
				"${PODS_ROOT}/Target Support Files/Pods-ContinuousAlarm/Pods-ContinuousAlarm-frameworks-${CONFIGURATION}-input-files.xcfilelist",
			);
			name = "[CP] Embed Pods Frameworks";
			outputFileListPaths = (
				"${PODS_ROOT}/Target Support Files/Pods-ContinuousAlarm/Pods-ContinuousAlarm-frameworks-${CONFIGURATION}-output-files.xcfilelist",
			);
			runOnlyForDeploymentPostprocessing = 0;
			shellPath = /bin/sh;
			shellScript = "\"${PODS_ROOT}/Target Support Files/Pods-ContinuousAlarm/Pods-ContinuousAlarm-frameworks.sh\"\n";
			showEnvVarsInLog = 0;
		};
/* End PBXShellScriptBuildPhase section */

/* Begin PBXSourcesBuildPhase section */
		D869CD6328D4F2ED0006F7B8 /* Sources */ = {
			isa = PBXSourcesBuildPhase;
			buildActionMask = 2147483647;
			files = (
				D81A1B9628D8D5F8005E2BFA /* VFContinuousAlarmTableViewCell.m in Sources */,
				D869CD6C28D4F2ED0006F7B8 /* AppDelegate.m in Sources */,
				D81A1B6628D58E3B005E2BFA /* VFContinuousAlarmSettingsViewController.m in Sources */,
				D869CD7D28D4F2EE0006F7B8 /* main.m in Sources */,
				D81A1B9B28D8D9B2005E2BFA /* VFCANotificationManager.m in Sources */,
				D81A1B8928D63B7D005E2BFA /* VFContinuousAlarmModelDAO.m in Sources */,
				D81A1B7828D63673005E2BFA /* AlarmModel+CoreDataProperties.m in Sources */,
				D81A1B6E28D5C88D005E2BFA /* VFCAToast.m in Sources */,
				D869CD6F28D4F2ED0006F7B8 /* SceneDelegate.m in Sources */,
				D81A1B9128D8D23F005E2BFA /* VFContinuousAlarmConfig.m in Sources */,
				D869CD8928D4F38D0006F7B8 /* VFContinuousAlarmMainViewController.m in Sources */,
				D81A1B8128D637A3005E2BFA /* VFCACoreDataManager.m in Sources */,
				D81A1B7928D63673005E2BFA /* AlarmModel+CoreDataClass.m in Sources */,
			);
			runOnlyForDeploymentPostprocessing = 0;
		};
/* End PBXSourcesBuildPhase section */

/* Begin PBXVariantGroup section */
		D869CD7828D4F2EE0006F7B8 /* LaunchScreen.storyboard */ = {
			isa = PBXVariantGroup;
			children = (
				D869CD7928D4F2EE0006F7B8 /* Base */,
			);
			name = LaunchScreen.storyboard;
			sourceTree = "<group>";
		};
/* End PBXVariantGroup section */

/* Begin XCBuildConfiguration section */
		D869CD7E28D4F2EE0006F7B8 /* Debug */ = {
			isa = XCBuildConfiguration;
			buildSettings = {
				ALWAYS_SEARCH_USER_PATHS = NO;
				CLANG_ANALYZER_NONNULL = YES;
				CLANG_ANALYZER_NUMBER_OBJECT_CONVERSION = YES_AGGRESSIVE;
				CLANG_CXX_LANGUAGE_STANDARD = "gnu++14";
				CLANG_CXX_LIBRARY = "libc++";
				CLANG_ENABLE_MODULES = YES;
				CLANG_ENABLE_OBJC_ARC = YES;
				CLANG_ENABLE_OBJC_WEAK = YES;
				CLANG_WARN_BLOCK_CAPTURE_AUTORELEASING = YES;
				CLANG_WARN_BOOL_CONVERSION = YES;
				CLANG_WARN_COMMA = YES;
				CLANG_WARN_CONSTANT_CONVERSION = YES;
				CLANG_WARN_DEPRECATED_OBJC_IMPLEMENTATIONS = YES;
				CLANG_WARN_DIRECT_OBJC_ISA_USAGE = YES_ERROR;
				CLANG_WARN_DOCUMENTATION_COMMENTS = YES;
				CLANG_WARN_EMPTY_BODY = YES;
				CLANG_WARN_ENUM_CONVERSION = YES;
				CLANG_WARN_INFINITE_RECURSION = YES;
				CLANG_WARN_INT_CONVERSION = YES;
				CLANG_WARN_NON_LITERAL_NULL_CONVERSION = YES;
				CLANG_WARN_OBJC_IMPLICIT_RETAIN_SELF = YES;
				CLANG_WARN_OBJC_LITERAL_CONVERSION = YES;
				CLANG_WARN_OBJC_ROOT_CLASS = YES_ERROR;
				CLANG_WARN_QUOTED_INCLUDE_IN_FRAMEWORK_HEADER = YES;
				CLANG_WARN_RANGE_LOOP_ANALYSIS = YES;
				CLANG_WARN_STRICT_PROTOTYPES = YES;
				CLANG_WARN_SUSPICIOUS_MOVE = YES;
				CLANG_WARN_UNGUARDED_AVAILABILITY = YES_AGGRESSIVE;
				CLANG_WARN_UNREACHABLE_CODE = YES;
				CLANG_WARN__DUPLICATE_METHOD_MATCH = YES;
				COPY_PHASE_STRIP = NO;
				DEBUG_INFORMATION_FORMAT = dwarf;
				ENABLE_STRICT_OBJC_MSGSEND = YES;
				ENABLE_TESTABILITY = YES;
				GCC_C_LANGUAGE_STANDARD = gnu11;
				GCC_DYNAMIC_NO_PIC = NO;
				GCC_NO_COMMON_BLOCKS = YES;
				GCC_OPTIMIZATION_LEVEL = 0;
				GCC_PREPROCESSOR_DEFINITIONS = (
					"DEBUG=1",
					"$(inherited)",
				);
				GCC_WARN_64_TO_32_BIT_CONVERSION = YES;
				GCC_WARN_ABOUT_RETURN_TYPE = YES_ERROR;
				GCC_WARN_UNDECLARED_SELECTOR = YES;
				GCC_WARN_UNINITIALIZED_AUTOS = YES_AGGRESSIVE;
				GCC_WARN_UNUSED_FUNCTION = YES;
				GCC_WARN_UNUSED_VARIABLE = YES;
				IPHONEOS_DEPLOYMENT_TARGET = 13.0;
				MTL_ENABLE_DEBUG_INFO = INCLUDE_SOURCE;
				MTL_FAST_MATH = YES;
				ONLY_ACTIVE_ARCH = YES;
				SDKROOT = iphoneos;
			};
			name = Debug;
		};
		D869CD7F28D4F2EE0006F7B8 /* Release */ = {
			isa = XCBuildConfiguration;
			buildSettings = {
				ALWAYS_SEARCH_USER_PATHS = NO;
				CLANG_ANALYZER_NONNULL = YES;
				CLANG_ANALYZER_NUMBER_OBJECT_CONVERSION = YES_AGGRESSIVE;
				CLANG_CXX_LANGUAGE_STANDARD = "gnu++14";
				CLANG_CXX_LIBRARY = "libc++";
				CLANG_ENABLE_MODULES = YES;
				CLANG_ENABLE_OBJC_ARC = YES;
				CLANG_ENABLE_OBJC_WEAK = YES;
				CLANG_WARN_BLOCK_CAPTURE_AUTORELEASING = YES;
				CLANG_WARN_BOOL_CONVERSION = YES;
				CLANG_WARN_COMMA = YES;
				CLANG_WARN_CONSTANT_CONVERSION = YES;
				CLANG_WARN_DEPRECATED_OBJC_IMPLEMENTATIONS = YES;
				CLANG_WARN_DIRECT_OBJC_ISA_USAGE = YES_ERROR;
				CLANG_WARN_DOCUMENTATION_COMMENTS = YES;
				CLANG_WARN_EMPTY_BODY = YES;
				CLANG_WARN_ENUM_CONVERSION = YES;
				CLANG_WARN_INFINITE_RECURSION = YES;
				CLANG_WARN_INT_CONVERSION = YES;
				CLANG_WARN_NON_LITERAL_NULL_CONVERSION = YES;
				CLANG_WARN_OBJC_IMPLICIT_RETAIN_SELF = YES;
				CLANG_WARN_OBJC_LITERAL_CONVERSION = YES;
				CLANG_WARN_OBJC_ROOT_CLASS = YES_ERROR;
				CLANG_WARN_QUOTED_INCLUDE_IN_FRAMEWORK_HEADER = YES;
				CLANG_WARN_RANGE_LOOP_ANALYSIS = YES;
				CLANG_WARN_STRICT_PROTOTYPES = YES;
				CLANG_WARN_SUSPICIOUS_MOVE = YES;
				CLANG_WARN_UNGUARDED_AVAILABILITY = YES_AGGRESSIVE;
				CLANG_WARN_UNREACHABLE_CODE = YES;
				CLANG_WARN__DUPLICATE_METHOD_MATCH = YES;
				COPY_PHASE_STRIP = NO;
				DEBUG_INFORMATION_FORMAT = "dwarf-with-dsym";
				ENABLE_NS_ASSERTIONS = NO;
				ENABLE_STRICT_OBJC_MSGSEND = YES;
				GCC_C_LANGUAGE_STANDARD = gnu11;
				GCC_NO_COMMON_BLOCKS = YES;
				GCC_WARN_64_TO_32_BIT_CONVERSION = YES;
				GCC_WARN_ABOUT_RETURN_TYPE = YES_ERROR;
				GCC_WARN_UNDECLARED_SELECTOR = YES;
				GCC_WARN_UNINITIALIZED_AUTOS = YES_AGGRESSIVE;
				GCC_WARN_UNUSED_FUNCTION = YES;
				GCC_WARN_UNUSED_VARIABLE = YES;
				IPHONEOS_DEPLOYMENT_TARGET = 13.0;
				MTL_ENABLE_DEBUG_INFO = NO;
				MTL_FAST_MATH = YES;
				SDKROOT = iphoneos;
				VALIDATE_PRODUCT = YES;
			};
			name = Release;
		};
		D869CD8128D4F2EE0006F7B8 /* Debug */ = {
			isa = XCBuildConfiguration;
			baseConfigurationReference = F6C4B4571D4BA9197B7C29F9 /* Pods-ContinuousAlarm.debug.xcconfig */;
			buildSettings = {
				ASSETCATALOG_COMPILER_APPICON_NAME = AppIcon;
				ASSETCATALOG_COMPILER_GLOBAL_ACCENT_COLOR_NAME = AccentColor;
				CODE_SIGN_STYLE = Automatic;
				DEVELOPMENT_TEAM = LDRJ86L7FD;
				INFOPLIST_FILE = ContinuousAlarm/Info.plist;
				LD_RUNPATH_SEARCH_PATHS = (
					"$(inherited)",
					"@executable_path/Frameworks",
				);
				PRODUCT_BUNDLE_IDENTIFIER = com.vegetablefriend.ContinuousAlarm;
				PRODUCT_NAME = "$(TARGET_NAME)";
				TARGETED_DEVICE_FAMILY = "1,2";
			};
			name = Debug;
		};
		D869CD8228D4F2EE0006F7B8 /* Release */ = {
			isa = XCBuildConfiguration;
			baseConfigurationReference = ED445F4FBA7BC17350A97E36 /* Pods-ContinuousAlarm.release.xcconfig */;
			buildSettings = {
				ASSETCATALOG_COMPILER_APPICON_NAME = AppIcon;
				ASSETCATALOG_COMPILER_GLOBAL_ACCENT_COLOR_NAME = AccentColor;
				CODE_SIGN_STYLE = Automatic;
				DEVELOPMENT_TEAM = LDRJ86L7FD;
				INFOPLIST_FILE = ContinuousAlarm/Info.plist;
				LD_RUNPATH_SEARCH_PATHS = (
					"$(inherited)",
					"@executable_path/Frameworks",
				);
				PRODUCT_BUNDLE_IDENTIFIER = com.vegetablefriend.ContinuousAlarm;
				PRODUCT_NAME = "$(TARGET_NAME)";
				TARGETED_DEVICE_FAMILY = "1,2";
			};
			name = Release;
		};
/* End XCBuildConfiguration section */

/* Begin XCConfigurationList section */
		D869CD6228D4F2ED0006F7B8 /* Build configuration list for PBXProject "ContinuousAlarm" */ = {
			isa = XCConfigurationList;
			buildConfigurations = (
				D869CD7E28D4F2EE0006F7B8 /* Debug */,
				D869CD7F28D4F2EE0006F7B8 /* Release */,
			);
			defaultConfigurationIsVisible = 0;
			defaultConfigurationName = Release;
		};
		D869CD8028D4F2EE0006F7B8 /* Build configuration list for PBXNativeTarget "ContinuousAlarm" */ = {
			isa = XCConfigurationList;
			buildConfigurations = (
				D869CD8128D4F2EE0006F7B8 /* Debug */,
				D869CD8228D4F2EE0006F7B8 /* Release */,
			);
			defaultConfigurationIsVisible = 0;
			defaultConfigurationName = Release;
		};
/* End XCConfigurationList section */

/* Begin XCVersionGroup section */
		D81A1B7328D630D6005E2BFA /* VFContinuousAlarmModel.xcdatamodeld */ = {
			isa = XCVersionGroup;
			children = (
				D81A1B7228D630D6005E2BFA /* VFContinuousAlarmModel.xcdatamodel */,
			);
			currentVersion = D81A1B7228D630D6005E2BFA /* VFContinuousAlarmModel.xcdatamodel */;
			path = VFContinuousAlarmModel.xcdatamodeld;
			sourceTree = "<group>";
		};
/* End XCVersionGroup section */
	};
	rootObject = D869CD5F28D4F2ED0006F7B8 /* Project object */;
}
